
Microsoft Visual Studio Solution File, Format Version 12.00
# Visual Studio Version 17
VisualStudioVersion = 17.14.36202.13 d17.14
MinimumVisualStudioVersion = 10.0.40219.1
Project("{54A90642-561A-4BB1-A94E-469ADEE60C69}") = "partiabet.client", "partiabet.client\partiabet.client.esproj", "{822F37DF-BF8E-4C49-95C3-FE287F23C844}"
EndProject
Project("{FAE04EC0-301F-11D3-BF4B-00C04F79EFBC}") = "PartiaBet.Server", "PartiaBet.Server\PartiaBet.Server.csproj", "{731C5410-3240-4CE3-A50A-6431FAC6E203}"
EndProject
Global
	GlobalSection(SolutionConfigurationPlatforms) = preSolution
		Debug|Any CPU = Debug|Any CPU
		Release|Any CPU = Release|Any CPU
	EndGlobalSection
	GlobalSection(ProjectConfigurationPlatforms) = postSolution
		{822F37DF-BF8E-4C49-95C3-FE287F23C844}.Debug|Any CPU.ActiveCfg = Debug|Any CPU
		{822F37DF-BF8E-4C49-95C3-FE287F23C844}.Debug|Any CPU.Build.0 = Debug|Any CPU
		{822F37DF-BF8E-4C49-95C3-FE287F23C844}.Debug|Any CPU.Deploy.0 = Debug|Any CPU
		{822F37DF-BF8E-4C49-95C3-FE287F23C844}.Release|Any CPU.ActiveCfg = Release|Any CPU
		{822F37DF-BF8E-4C49-95C3-FE287F23C844}.Release|Any CPU.Build.0 = Release|Any CPU
		{822F37DF-BF8E-4C49-95C3-FE287F23C844}.Release|Any CPU.Deploy.0 = Release|Any CPU
		{731C5410-3240-4CE3-A50A-6431FAC6E203}.Debug|Any CPU.ActiveCfg = Debug|Any CPU
		{731C5410-3240-4CE3-A50A-6431FAC6E203}.Debug|Any CPU.Build.0 = Debug|Any CPU
		{731C5410-3240-4CE3-A50A-6431FAC6E203}.Release|Any CPU.ActiveCfg = Release|Any CPU
		{731C5410-3240-4CE3-A50A-6431FAC6E203}.Release|Any CPU.Build.0 = Release|Any CPU
	EndGlobalSection
	GlobalSection(SolutionProperties) = preSolution
		HideSolutionNode = FALSE
	EndGlobalSection
	GlobalSection(ExtensibilityGlobals) = postSolution
		SolutionGuid = {BC0C86D9-0178-4326-B796-BB439F582C7B}
	EndGlobalSection
EndGlobal
