
Microsoft Visual Studio Solution File, Format Version 12.00
# Visual Studio Version 17
VisualStudioVersion = 17.14.36202.13
MinimumVisualStudioVersion = 10.0.40219.1
Project("{54A90642-561A-4BB1-A94E-469ADEE60C69}") = "Client", "Client\Client.esproj", "{5DC3FCCF-9129-207D-CAD8-1B96C9FA47E2}"
EndProject
Project("{FAE04EC0-301F-11D3-BF4B-00C04F79EFBC}") = "RestAPI", "RestAPI\RestAPI.csproj", "{C548A6A0-DE39-ED78-8DB1-A5FD11181523}"
EndProject
Project("{FAE04EC0-301F-11D3-BF4B-00C04F79EFBC}") = "Infrastructure", "Infrastructure\Infrastructure.csproj", "{0377AD3C-89FD-4F2A-AC3C-22F04CD016BC}"
EndProject
Project("{FAE04EC0-301F-11D3-BF4B-00C04F79EFBC}") = "Core", "Core\Core.csproj", "{23487D16-7A3C-4E5F-A757-E6787750EE5C}"
EndProject
Project("{FAE04EC0-301F-11D3-BF4B-00C04F79EFBC}") = "Common", "Common\Common.csproj", "{5B5FB69A-7CE8-4D59-B858-99D356FD342C}"
EndProject
Global
	GlobalSection(SolutionConfigurationPlatforms) = preSolution
		Debug|Any CPU = Debug|Any CPU
		Release|Any CPU = Release|Any CPU
	EndGlobalSection
	GlobalSection(ProjectConfigurationPlatforms) = postSolution
		{5DC3FCCF-9129-207D-CAD8-1B96C9FA47E2}.Debug|Any CPU.ActiveCfg = Debug|Any CPU
		{5DC3FCCF-9129-207D-CAD8-1B96C9FA47E2}.Debug|Any CPU.Build.0 = Debug|Any CPU
		{5DC3FCCF-9129-207D-CAD8-1B96C9FA47E2}.Debug|Any CPU.Deploy.0 = Debug|Any CPU
		{5DC3FCCF-9129-207D-CAD8-1B96C9FA47E2}.Release|Any CPU.ActiveCfg = Release|Any CPU
		{5DC3FCCF-9129-207D-CAD8-1B96C9FA47E2}.Release|Any CPU.Build.0 = Release|Any CPU
		{5DC3FCCF-9129-207D-CAD8-1B96C9FA47E2}.Release|Any CPU.Deploy.0 = Release|Any CPU
		{C548A6A0-DE39-ED78-8DB1-A5FD11181523}.Debug|Any CPU.ActiveCfg = Debug|Any CPU
		{C548A6A0-DE39-ED78-8DB1-A5FD11181523}.Debug|Any CPU.Build.0 = Debug|Any CPU
		{C548A6A0-DE39-ED78-8DB1-A5FD11181523}.Release|Any CPU.ActiveCfg = Release|Any CPU
		{C548A6A0-DE39-ED78-8DB1-A5FD11181523}.Release|Any CPU.Build.0 = Release|Any CPU
		{0377AD3C-89FD-4F2A-AC3C-22F04CD016BC}.Debug|Any CPU.ActiveCfg = Debug|Any CPU
		{0377AD3C-89FD-4F2A-AC3C-22F04CD016BC}.Debug|Any CPU.Build.0 = Debug|Any CPU
		{0377AD3C-89FD-4F2A-AC3C-22F04CD016BC}.Release|Any CPU.ActiveCfg = Release|Any CPU
		{0377AD3C-89FD-4F2A-AC3C-22F04CD016BC}.Release|Any CPU.Build.0 = Release|Any CPU
		{23487D16-7A3C-4E5F-A757-E6787750EE5C}.Debug|Any CPU.ActiveCfg = Debug|Any CPU
		{23487D16-7A3C-4E5F-A757-E6787750EE5C}.Debug|Any CPU.Build.0 = Debug|Any CPU
		{23487D16-7A3C-4E5F-A757-E6787750EE5C}.Release|Any CPU.ActiveCfg = Release|Any CPU
		{23487D16-7A3C-4E5F-A757-E6787750EE5C}.Release|Any CPU.Build.0 = Release|Any CPU
		{5B5FB69A-7CE8-4D59-B858-99D356FD342C}.Debug|Any CPU.ActiveCfg = Debug|Any CPU
		{5B5FB69A-7CE8-4D59-B858-99D356FD342C}.Debug|Any CPU.Build.0 = Debug|Any CPU
		{5B5FB69A-7CE8-4D59-B858-99D356FD342C}.Release|Any CPU.ActiveCfg = Release|Any CPU
		{5B5FB69A-7CE8-4D59-B858-99D356FD342C}.Release|Any CPU.Build.0 = Release|Any CPU
	EndGlobalSection
	GlobalSection(SolutionProperties) = preSolution
		HideSolutionNode = FALSE
	EndGlobalSection
	GlobalSection(ExtensibilityGlobals) = postSolution
		SolutionGuid = {BC0C86D9-0178-4326-B796-BB439F582C7B}
	EndGlobalSection
EndGlobal
